
Microsoft Visual Studio Solution File, Format Version 12.00
# Visual Studio 15
VisualStudioVersion = 15.0.27428.2037
MinimumVisualStudioVersion = 10.0.40219.1
Project("{FAE04EC0-301F-11D3-BF4B-00C04F79EFBC}") = "MVC_21_Partial_Views", "MVC_21_Partial_Views\MVC_21_Partial_Views.csproj", "{E62B5110-DF8B-42F6-B46A-4E043B61193F}"
EndProject
Global
	GlobalSection(SolutionConfigurationPlatforms) = preSolution
		Debug|Any CPU = Debug|Any CPU
		Release|Any CPU = Release|Any CPU
	EndGlobalSection
	GlobalSection(ProjectConfigurationPlatforms) = postSolution
		{E62B5110-DF8B-42F6-B46A-4E043B61193F}.Debug|Any CPU.ActiveCfg = Debug|Any CPU
		{E62B5110-DF8B-42F6-B46A-4E043B61193F}.Debug|Any CPU.Build.0 = Debug|Any CPU
		{E62B5110-DF8B-42F6-B46A-4E043B61193F}.Release|Any CPU.ActiveCfg = Release|Any CPU
		{E62B5110-DF8B-42F6-B46A-4E043B61193F}.Release|Any CPU.Build.0 = Release|Any CPU
	EndGlobalSection
	GlobalSection(SolutionProperties) = preSolution
		HideSolutionNode = FALSE
	EndGlobalSection
	GlobalSection(ExtensibilityGlobals) = postSolution
		SolutionGuid = {8311241F-F3BC-41A0-AE1C-E89221B4243D}
	EndGlobalSection
EndGlobal
